
Microsoft Visual Studio Solution File, Format Version 12.00
# Visual Studio Version 17
VisualStudioVersion = 17.5.002.0
MinimumVisualStudioVersion = 10.0.40219.1
Project("{9A19103F-16F7-4668-BE54-9A1E7A4F7556}") = "Practical example - Connection forces to Load", "Practical example - Connection forces to Load.csproj", "{4E7DA681-D299-492E-ABF7-7AA1A9C26352}"
EndProject
Global
	GlobalSection(SolutionConfigurationPlatforms) = preSolution
		Debug|Any CPU = Debug|Any CPU
		Release|Any CPU = Release|Any CPU
	EndGlobalSection
	GlobalSection(ProjectConfigurationPlatforms) = postSolution
		{4E7DA681-D299-492E-ABF7-7AA1A9C26352}.Debug|Any CPU.ActiveCfg = Debug|Any CPU
		{4E7DA681-D299-492E-ABF7-7AA1A9C26352}.Debug|Any CPU.Build.0 = Debug|Any CPU
		{4E7DA681-D299-492E-ABF7-7AA1A9C26352}.Release|Any CPU.ActiveCfg = Release|Any CPU
		{4E7DA681-D299-492E-ABF7-7AA1A9C26352}.Release|Any CPU.Build.0 = Release|Any CPU
	EndGlobalSection
	GlobalSection(SolutionProperties) = preSolution
		HideSolutionNode = FALSE
	EndGlobalSection
	GlobalSection(ExtensibilityGlobals) = postSolution
		SolutionGuid = {03E5A42F-E5CA-4612-B038-6DF546159559}
	EndGlobalSection
EndGlobal
